
Microsoft Visual Studio Solution File, Format Version 12.00
# Visual Studio Version 16
VisualStudioVersion = 16.0.31019.35
MinimumVisualStudioVersion = 10.0.40219.1
Project("{9A19103F-16F7-4668-BE54-9A1E7A4F7556}") = "Business", "Business\Business.csproj", "{71FF9341-3B89-460E-8761-CA030BF328F8}"
EndProject
Project("{9A19103F-16F7-4668-BE54-9A1E7A4F7556}") = "DataAccess", "DataAccess\DataAccess.csproj", "{8B91A1E3-F6C2-4D21-BA0D-741C5B7433AD}"
EndProject
Project("{9A19103F-16F7-4668-BE54-9A1E7A4F7556}") = "Entities", "Entities\Entities.csproj", "{EDFA16A8-32AB-4C5F-95D8-BD09E830BFF3}"
EndProject
Project("{9A19103F-16F7-4668-BE54-9A1E7A4F7556}") = "Core", "Core\Core.csproj", "{3E97A9BF-DE25-44FD-8C95-CCF708089D2B}"
EndProject
Project("{FAE04EC0-301F-11D3-BF4B-00C04F79EFBC}") = "WebAPI", "WebAPI\WebAPI.csproj", "{BFC8B500-D570-40DD-892F-9997576252A3}"
EndProject
Global
	GlobalSection(SolutionConfigurationPlatforms) = preSolution
		Debug|Any CPU = Debug|Any CPU
		Release|Any CPU = Release|Any CPU
	EndGlobalSection
	GlobalSection(ProjectConfigurationPlatforms) = postSolution
		{71FF9341-3B89-460E-8761-CA030BF328F8}.Debug|Any CPU.ActiveCfg = Debug|Any CPU
		{71FF9341-3B89-460E-8761-CA030BF328F8}.Debug|Any CPU.Build.0 = Debug|Any CPU
		{71FF9341-3B89-460E-8761-CA030BF328F8}.Release|Any CPU.ActiveCfg = Release|Any CPU
		{71FF9341-3B89-460E-8761-CA030BF328F8}.Release|Any CPU.Build.0 = Release|Any CPU
		{8B91A1E3-F6C2-4D21-BA0D-741C5B7433AD}.Debug|Any CPU.ActiveCfg = Debug|Any CPU
		{8B91A1E3-F6C2-4D21-BA0D-741C5B7433AD}.Debug|Any CPU.Build.0 = Debug|Any CPU
		{8B91A1E3-F6C2-4D21-BA0D-741C5B7433AD}.Release|Any CPU.ActiveCfg = Release|Any CPU
		{8B91A1E3-F6C2-4D21-BA0D-741C5B7433AD}.Release|Any CPU.Build.0 = Release|Any CPU
		{EDFA16A8-32AB-4C5F-95D8-BD09E830BFF3}.Debug|Any CPU.ActiveCfg = Debug|Any CPU
		{EDFA16A8-32AB-4C5F-95D8-BD09E830BFF3}.Debug|Any CPU.Build.0 = Debug|Any CPU
		{EDFA16A8-32AB-4C5F-95D8-BD09E830BFF3}.Release|Any CPU.ActiveCfg = Release|Any CPU
		{EDFA16A8-32AB-4C5F-95D8-BD09E830BFF3}.Release|Any CPU.Build.0 = Release|Any CPU
		{3E97A9BF-DE25-44FD-8C95-CCF708089D2B}.Debug|Any CPU.ActiveCfg = Debug|Any CPU
		{3E97A9BF-DE25-44FD-8C95-CCF708089D2B}.Debug|Any CPU.Build.0 = Debug|Any CPU
		{3E97A9BF-DE25-44FD-8C95-CCF708089D2B}.Release|Any CPU.ActiveCfg = Release|Any CPU
		{3E97A9BF-DE25-44FD-8C95-CCF708089D2B}.Release|Any CPU.Build.0 = Release|Any CPU
		{BFC8B500-D570-40DD-892F-9997576252A3}.Debug|Any CPU.ActiveCfg = Debug|Any CPU
		{BFC8B500-D570-40DD-892F-9997576252A3}.Debug|Any CPU.Build.0 = Debug|Any CPU
		{BFC8B500-D570-40DD-892F-9997576252A3}.Release|Any CPU.ActiveCfg = Release|Any CPU
		{BFC8B500-D570-40DD-892F-9997576252A3}.Release|Any CPU.Build.0 = Release|Any CPU
	EndGlobalSection
	GlobalSection(SolutionProperties) = preSolution
		HideSolutionNode = FALSE
	EndGlobalSection
	GlobalSection(ExtensibilityGlobals) = postSolution
		SolutionGuid = {B0DBE4DE-2E13-48A0-B92A-1F39D6CC8358}
	EndGlobalSection
EndGlobal
